<?xml version="1.0" encoding="utf-8"?>
<Project ToolsVersion="4.0" xmlns="http://schemas.microsoft.com/developer/msbuild/2003">
  <ItemGroup>
    <Filter Include="Source Files">
      <UniqueIdentifier>{4FC737F1-C7A5-4376-A066-2A32D752A2FF}</UniqueIdentifier>
      <Extensions>cpp;c;cc;cxx;def;odl;idl;hpj;bat;asm;asmx</Extensions>
    </Filter>
    <Filter Include="Header Files">
      <UniqueIdentifier>{93995380-89BD-4b04-88EB-625FBE52EBFB}</UniqueIdentifier>
      <Extensions>h;hh;hpp;hxx;hm;inl;inc;xsd</Extensions>
    </Filter>
    <Filter Include="Resource Files">
      <UniqueIdentifier>{67DA6AB6-F800-4c08-8B7A-83BB121AAD01}</UniqueIdentifier>
      <Extensions>rc;ico;cur;bmp;dlg;rc2;rct;bin;rgs;gif;jpg;jpeg;jpe;resx;tiff;tif;png;wav;mfcribbon-ms</Extensions>
    </Filter>
    <Filter Include="Source Files\audio">
      <UniqueIdentifier>{96e88567-fcdd-4850-a4ae-d4e2a6858a8a}</UniqueIdentifier>
    </Filter>
    <Filter Include="Source Files\core">
      <UniqueIdentifier>{97af16a4-b177-4226-949e-af2efb03e95f}</UniqueIdentifier>
    </Filter>
    <Filter Include="Source Files\core\config">
      <UniqueIdentifier>{12303f4a-f03e-4305-b6ea-e81117b32f55}</UniqueIdentifier>
    </Filter>
    <Filter Include="Source Files\core\log">
      <UniqueIdentifier>{7e64c01e-27cb-4612-8730-c39495e3e2ea}</UniqueIdentifier>
    </Filter>
    <Filter Include="Source Files\core\rendering">
      <UniqueIdentifier>{f4b2c3cd-f163-4d0f-854c-f8a2f1193220}</UniqueIdentifier>
    </Filter>
    <Filter Include="Source Files\core\rendering\common">
      <UniqueIdentifier>{45288d82-04af-4cba-b14c-331713ff1a6b}</UniqueIdentifier>
    </Filter>
    <Filter Include="Source Files\core\rendering\d3d12">
      <UniqueIdentifier>{1b544590-a2c0-4507-84bd-573dfa9f034e}</UniqueIdentifier>
    </Filter>
    <Filter Include="Source Files\core\rendering\metal">
      <UniqueIdentifier>{6cfa3521-a71b-4a1b-b6f9-a19f73812ed7}</UniqueIdentifier>
    </Filter>
    <Filter Include="Source Files\core\rendering\vulkan">
      <UniqueIdentifier>{68dfde65-bd24-4576-8f67-b09cff5a5625}</UniqueIdentifier>
    </Filter>
    <Filter Include="Source Files\core\storage">
      <UniqueIdentifier>{99af91b7-1080-45b4-8a85-609e0e063b46}</UniqueIdentifier>
    </Filter>
    <Filter Include="Source Files\core\types">
      <UniqueIdentifier>{a21a44a2-ce02-4f7e-a95a-5107b3a31a88}</UniqueIdentifier>
    </Filter>
    <Filter Include="Source Files\core\utilities">
      <UniqueIdentifier>{282a15c5-c439-45b2-9c8f-d8a6306f03b4}</UniqueIdentifier>
    </Filter>
    <Filter Include="Source Files\input">
      <UniqueIdentifier>{f2d8bcd7-3a70-449b-8085-54c44f417cde}</UniqueIdentifier>
    </Filter>
    <Filter Include="Source Files\platform">
      <UniqueIdentifier>{89145717-1407-4aeb-84eb-f900c482d32f}</UniqueIdentifier>
    </Filter>
    <Filter Include="Source Files\platform\android">
      <UniqueIdentifier>{24858306-c59b-4fb4-a1ad-c1f6061913f6}</UniqueIdentifier>
    </Filter>
    <Filter Include="Source Files\platform\windows">
      <UniqueIdentifier>{f63083e0-24c1-4a7b-834f-817757c7a4c5}</UniqueIdentifier>
    </Filter>
    <Filter Include="Source Files\rendering">
      <UniqueIdentifier>{4dc990a2-0e88-4c7c-bf04-33e3a93104e8}</UniqueIdentifier>
    </Filter>
    <Filter Include="Source Files\platform\osx">
      <UniqueIdentifier>{f15da569-7f50-46ad-a479-a3192ee76a12}</UniqueIdentifier>
    </Filter>
    <Filter Include="Source Files\resources">
      <UniqueIdentifier>{756af4ed-e841-48c1-9e51-44e06d4e5086}</UniqueIdentifier>
    </Filter>
    <Filter Include="Source Files\scene">
      <UniqueIdentifier>{2e656a71-ccc4-4192-8dae-ca79969f8f42}</UniqueIdentifier>
    </Filter>
    <Filter Include="Source Files\utilities">
      <UniqueIdentifier>{88816f55-cfca-4b91-ad7a-89f117b76c0e}</UniqueIdentifier>
    </Filter>
    <Filter Include="Source Files\utilities\gpcpu">
      <UniqueIdentifier>{5534377d-f6a9-4ae8-840f-96034ba1f97d}</UniqueIdentifier>
    </Filter>
    <Filter Include="Header Files\audio">
      <UniqueIdentifier>{af96eb33-653a-4ef0-a2e4-3e68e43d08c9}</UniqueIdentifier>
    </Filter>
    <Filter Include="Header Files\core">
      <UniqueIdentifier>{53521990-e6eb-41a1-9b21-b82b698cbee3}</UniqueIdentifier>
    </Filter>
    <Filter Include="Header Files\input">
      <UniqueIdentifier>{1c119a27-acb6-4f2c-8a65-23e60914c9cb}</UniqueIdentifier>
    </Filter>
    <Filter Include="Header Files\platform">
      <UniqueIdentifier>{f9dad671-8214-4d0b-be79-1a5a9b0918ba}</UniqueIdentifier>
    </Filter>
    <Filter Include="Header Files\rendering">
      <UniqueIdentifier>{a84f2bb9-4c9a-446b-8c6e-353fd05d21ca}</UniqueIdentifier>
    </Filter>
    <Filter Include="Header Files\resources">
      <UniqueIdentifier>{9ffd5dac-f06f-4200-8a71-f1f0c0e9c27d}</UniqueIdentifier>
    </Filter>
    <Filter Include="Header Files\core\types">
      <UniqueIdentifier>{ebbf0f85-d638-4460-b7e6-070f8e370650}</UniqueIdentifier>
    </Filter>
    <Filter Include="Header Files\core\config">
      <UniqueIdentifier>{5f024161-28fb-4255-84e3-405555146d3c}</UniqueIdentifier>
    </Filter>
    <Filter Include="Header Files\core\log">
      <UniqueIdentifier>{8bfc9277-dcb3-48c8-a8b9-0b6a7fdceaa6}</UniqueIdentifier>
    </Filter>
    <Filter Include="Header Files\core\rendering">
      <UniqueIdentifier>{86870f42-d409-4ae3-bf93-bef72aecc837}</UniqueIdentifier>
    </Filter>
    <Filter Include="Header Files\core\threading">
      <UniqueIdentifier>{a332772d-b7f6-4ae8-99be-827104e8d7d9}</UniqueIdentifier>
    </Filter>
    <Filter Include="Header Files\core\utilities">
      <UniqueIdentifier>{1a6226f4-e899-41d9-a881-9ceae5f00d65}</UniqueIdentifier>
    </Filter>
    <Filter Include="Header Files\platform\android">
      <UniqueIdentifier>{15a640dc-a4ab-4741-8d9b-18a71851ef44}</UniqueIdentifier>
    </Filter>
    <Filter Include="Header Files\platform\windows">
      <UniqueIdentifier>{0bda27fa-1842-4027-b21b-198e42b3f40d}</UniqueIdentifier>
    </Filter>
    <Filter Include="Header Files\scene">
      <UniqueIdentifier>{7c28ea73-6131-44ea-9818-5aae48656418}</UniqueIdentifier>
    </Filter>
    <Filter Include="Header Files\threading">
      <UniqueIdentifier>{c0276b99-c172-4f4f-b5cd-718e346f85f5}</UniqueIdentifier>
    </Filter>
    <Filter Include="Header Files\utilities">
      <UniqueIdentifier>{6de189eb-fdc3-4cf3-a59e-7c871fde2161}</UniqueIdentifier>
    </Filter>
    <Filter Include="Header Files\utilities\gpcpu">
      <UniqueIdentifier>{aaedb25d-bbc6-4bbd-a9b9-ca50562005c4}</UniqueIdentifier>
    </Filter>
    <Filter Include="Header Files\platform\osx">
      <UniqueIdentifier>{8b4bc4be-b8c1-40e0-abd1-ee93129b4d12}</UniqueIdentifier>
    </Filter>
    <Filter Include="Source Files\core\rendering\windows">
      <UniqueIdentifier>{20a185bd-c3e0-4575-a6dc-33ae42ea7173}</UniqueIdentifier>
    </Filter>
    <Filter Include="Source Files\core\algorithm">
      <UniqueIdentifier>{4d7da579-9d1c-41a4-8f14-6de92053d563}</UniqueIdentifier>
    </Filter>
    <Filter Include="Header Files\core\algorithm">
      <UniqueIdentifier>{c7a7e575-6cce-492e-8464-296789d4fbb9}</UniqueIdentifier>
    </Filter>
    <Filter Include="Source Files\core\parallel">
      <UniqueIdentifier>{fc0b3ecf-8d3e-433d-9317-01313f0ee66e}</UniqueIdentifier>
    </Filter>
    <Filter Include="Header Files\core\parallel">
      <UniqueIdentifier>{203a503c-ff2b-4e37-b617-98fcde14b620}</UniqueIdentifier>
    </Filter>
    <Filter Include="Source Files\parallel">
      <UniqueIdentifier>{cc4b667c-6029-4e60-9bf1-ab9edfd4bfde}</UniqueIdentifier>
    </Filter>
    <Filter Include="Header Files\parallel">
      <UniqueIdentifier>{76bdfbde-2165-476c-b098-bb1514601dd0}</UniqueIdentifier>
    </Filter>
    <Filter Include="Source Files\core\memory">
      <UniqueIdentifier>{d648b459-0d25-46d9-abf8-576af14a485d}</UniqueIdentifier>
    </Filter>
    <Filter Include="Header Files\core\memory">
      <UniqueIdentifier>{5bbd0ee5-56d4-41f8-b18a-94ca83e0262c}</UniqueIdentifier>
    </Filter>
    <Filter Include="Header Files\memory">
      <UniqueIdentifier>{0fc2eb22-a895-4fab-a439-79e181530c40}</UniqueIdentifier>
    </Filter>
    <Filter Include="Source Files\core\input">
      <UniqueIdentifier>{4c1e4e00-3c86-462f-9950-4c77130c5779}</UniqueIdentifier>
    </Filter>
    <Filter Include="Header Files\core\xr">
      <UniqueIdentifier>{966f1369-7001-447a-94f3-9149e422cebd}</UniqueIdentifier>
    </Filter>
    <Filter Include="Source Files\core\xr">
      <UniqueIdentifier>{a08c3f2a-939b-40ac-a3b2-41fa3caa8ad5}</UniqueIdentifier>
    </Filter>
    <Filter Include="Source Files\core\xr\openxr">
      <UniqueIdentifier>{db2e2c1f-b1b6-4ee2-828c-101e9316acc0}</UniqueIdentifier>
    </Filter>
    <Filter Include="Source Files\core\xr\openxr\d3d12">
      <UniqueIdentifier>{6aa46f4b-ea54-4bcb-9845-e3e76c536637}</UniqueIdentifier>
    </Filter>
    <Filter Include="Source Files\core\xr\openxr\vulkan">
      <UniqueIdentifier>{02146430-11ad-4041-b582-b1cf2f0abd39}</UniqueIdentifier>
    </Filter>
    <Filter Include="Source Files\core\xr\common">
      <UniqueIdentifier>{1fa4f822-a5cb-4fc2-bf57-f38719b1a3c9}</UniqueIdentifier>
    </Filter>
    <Filter Include="Source Files\core\xr\openvr">
      <UniqueIdentifier>{daaa6de9-e0ea-4936-bc51-ea7cba8dd0d3}</UniqueIdentifier>
    </Filter>
    <Filter Include="Source Files\core\xr\oculus">
      <UniqueIdentifier>{d60fb9a7-3707-4ebb-9daf-5cd68d550dd8}</UniqueIdentifier>
    </Filter>
  </ItemGroup>
  <ItemGroup>
    <ClCompile Include="..\src\audio\audio.cpp">
      <Filter>Source Files\audio</Filter>
    </ClCompile>
    <ClCompile Include="..\src\core\config\config.cpp">
      <Filter>Source Files\core\config</Filter>
    </ClCompile>
    <ClCompile Include="..\src\core\log\log.cpp">
      <Filter>Source Files\core\log</Filter>
    </ClCompile>
    <ClCompile Include="..\src\core\rendering\d3d12\dx12Blend.cpp">
      <Filter>Source Files\core\rendering\d3d12</Filter>
    </ClCompile>
    <ClCompile Include="..\src\core\rendering\d3d12\dx12DepthStencil.cpp">
      <Filter>Source Files\core\rendering\d3d12</Filter>
    </ClCompile>
    <ClCompile Include="..\src\core\rendering\d3d12\dx12Raster.cpp">
      <Filter>Source Files\core\rendering\d3d12</Filter>
    </ClCompile>
    <ClCompile Include="..\src\core\rendering\d3d12\dx12Viewport.cpp">
      <Filter>Source Files\core\rendering\d3d12</Filter>
    </ClCompile>
    <ClCompile Include="..\src\core\rendering\vulkan\vkBlend.cpp">
      <Filter>Source Files\core\rendering\vulkan</Filter>
    </ClCompile>
    <ClCompile Include="..\src\core\rendering\vulkan\vkDepthStencil.cpp">
      <Filter>Source Files\core\rendering\vulkan</Filter>
    </ClCompile>
    <ClCompile Include="..\src\core\rendering\vulkan\vkDevice.cpp">
      <Filter>Source Files\core\rendering\vulkan</Filter>
    </ClCompile>
    <ClCompile Include="..\src\core\rendering\vulkan\vkMultisampling.cpp">
      <Filter>Source Files\core\rendering\vulkan</Filter>
    </ClCompile>
    <ClCompile Include="..\src\core\rendering\vulkan\vkPipeline.cpp">
      <Filter>Source Files\core\rendering\vulkan</Filter>
    </ClCompile>
    <ClCompile Include="..\src\core\rendering\vulkan\vkRaster.cpp">
      <Filter>Source Files\core\rendering\vulkan</Filter>
    </ClCompile>
    <ClCompile Include="..\src\core\rendering\vulkan\vkRenderPass.cpp">
      <Filter>Source Files\core\rendering\vulkan</Filter>
    </ClCompile>
    <ClCompile Include="..\src\core\rendering\vulkan\vkState.cpp">
      <Filter>Source Files\core\rendering\vulkan</Filter>
    </ClCompile>
    <ClCompile Include="..\src\core\rendering\vulkan\vkTexture.cpp">
      <Filter>Source Files\core\rendering\vulkan</Filter>
    </ClCompile>
    <ClCompile Include="..\src\core\rendering\vulkan\vkViewport.cpp">
      <Filter>Source Files\core\rendering\vulkan</Filter>
    </ClCompile>
    <ClCompile Include="..\src\core\rendering\vulkan\vulkan.cpp">
      <Filter>Source Files\core\rendering\vulkan</Filter>
    </ClCompile>
    <ClCompile Include="..\src\core\storage\storage.cpp">
      <Filter>Source Files\core\storage</Filter>
    </ClCompile>
    <ClCompile Include="..\src\core\types\double3.cpp">
      <Filter>Source Files\core\types</Filter>
    </ClCompile>
    <ClCompile Include="..\src\core\types\double4.cpp">
      <Filter>Source Files\core\types</Filter>
    </ClCompile>
    <ClCompile Include="..\src\core\types\float2.cpp">
      <Filter>Source Files\core\types</Filter>
    </ClCompile>
    <ClCompile Include="..\src\core\types\float3.cpp">
      <Filter>Source Files\core\types</Filter>
    </ClCompile>
    <ClCompile Include="..\src\core\types\float3x3.cpp">
      <Filter>Source Files\core\types</Filter>
    </ClCompile>
    <ClCompile Include="..\src\core\types\float3x4.cpp">
      <Filter>Source Files\core\types</Filter>
    </ClCompile>
    <ClCompile Include="..\src\core\types\float4.cpp">
      <Filter>Source Files\core\types</Filter>
    </ClCompile>
    <ClCompile Include="..\src\core\types\float4x4.cpp">
      <Filter>Source Files\core\types</Filter>
    </ClCompile>
    <ClCompile Include="..\src\core\types\half.cpp">
      <Filter>Source Files\core\types</Filter>
    </ClCompile>
    <ClCompile Include="..\src\core\types\quaternion.cpp">
      <Filter>Source Files\core\types</Filter>
    </ClCompile>
    <ClCompile Include="..\src\core\types\uint32v2.cpp">
      <Filter>Source Files\core\types</Filter>
    </ClCompile>
    <ClCompile Include="..\src\core\types\uint32v3.cpp">
      <Filter>Source Files\core\types</Filter>
    </ClCompile>
    <ClCompile Include="..\src\core\types\uint32v4.cpp">
      <Filter>Source Files\core\types</Filter>
    </ClCompile>
    <ClCompile Include="..\src\core\utilities\parser.cpp">
      <Filter>Source Files\core\utilities</Filter>
    </ClCompile>
    <ClCompile Include="..\src\input\camera.cpp">
      <Filter>Source Files\input</Filter>
    </ClCompile>
    <ClCompile Include="..\src\input\hmd.cpp">
      <Filter>Source Files\input</Filter>
    </ClCompile>
    <ClCompile Include="..\src\input\input.cpp">
      <Filter>Source Files\input</Filter>
    </ClCompile>
    <ClCompile Include="..\src\input\oculus.cpp">
      <Filter>Source Files\input</Filter>
    </ClCompile>
    <ClCompile Include="..\src\input\vive.cpp">
      <Filter>Source Files\input</Filter>
    </ClCompile>
    <ClCompile Include="..\src\platform\system.cpp">
      <Filter>Source Files\platform</Filter>
    </ClCompile>
    <ClCompile Include="..\src\platform\android\and_events.cpp">
      <Filter>Source Files\platform\android</Filter>
    </ClCompile>
    <ClCompile Include="..\src\platform\android\and_main.cpp">
      <Filter>Source Files\platform\android</Filter>
    </ClCompile>
    <ClCompile Include="..\src\rendering\stereo.cpp">
      <Filter>Source Files\rendering</Filter>
    </ClCompile>
    <ClCompile Include="..\src\resources\bmp.cpp">
      <Filter>Source Files\resources</Filter>
    </ClCompile>
    <ClCompile Include="..\src\resources\dds.cpp">
      <Filter>Source Files\resources</Filter>
    </ClCompile>
    <ClCompile Include="..\src\resources\effect.cpp">
      <Filter>Source Files\resources</Filter>
    </ClCompile>
    <ClCompile Include="..\src\resources\exr.cpp">
      <Filter>Source Files\resources</Filter>
    </ClCompile>
    <ClCompile Include="..\src\resources\fbx.cpp">
      <Filter>Source Files\resources</Filter>
    </ClCompile>
    <ClCompile Include="..\src\resources\font.cpp">
      <Filter>Source Files\resources</Filter>
    </ClCompile>
    <ClCompile Include="..\src\resources\forsyth.cpp">
      <Filter>Source Files\resources</Filter>
    </ClCompile>
    <ClCompile Include="..\src\resources\hdr.cpp">
      <Filter>Source Files\resources</Filter>
    </ClCompile>
    <ClCompile Include="..\src\resources\material.cpp">
      <Filter>Source Files\resources</Filter>
    </ClCompile>
    <ClCompile Include="..\src\resources\model.cpp">
      <Filter>Source Files\resources</Filter>
    </ClCompile>
    <ClCompile Include="..\src\resources\mtl.cpp">
      <Filter>Source Files\resources</Filter>
    </ClCompile>
    <ClCompile Include="..\src\resources\obj.cpp">
      <Filter>Source Files\resources</Filter>
    </ClCompile>
    <ClCompile Include="..\src\resources\png.cpp">
      <Filter>Source Files\resources</Filter>
    </ClCompile>
    <ClCompile Include="..\src\resources\resources.cpp">
      <Filter>Source Files\resources</Filter>
    </ClCompile>
    <ClCompile Include="..\src\resources\tex.cpp">
      <Filter>Source Files\resources</Filter>
    </ClCompile>
    <ClCompile Include="..\src\resources\tga.cpp">
      <Filter>Source Files\resources</Filter>
    </ClCompile>
    <ClCompile Include="..\src\resources\wav.cpp">
      <Filter>Source Files\resources</Filter>
    </ClCompile>
    <ClCompile Include="..\src\scene\axes.cpp">
      <Filter>Source Files\scene</Filter>
    </ClCompile>
    <ClCompile Include="..\src\scene\cam.cpp">
      <Filter>Source Files\scene</Filter>
    </ClCompile>
    <ClCompile Include="..\src\scene\drawable.cpp">
      <Filter>Source Files\scene</Filter>
    </ClCompile>
    <ClCompile Include="..\src\scene\entity.cpp">
      <Filter>Source Files\scene</Filter>
    </ClCompile>
    <ClCompile Include="..\src\scene\frustum.cpp">
      <Filter>Source Files\scene</Filter>
    </ClCompile>
    <ClCompile Include="..\src\scene\gamestate.cpp">
      <Filter>Source Files\scene</Filter>
    </ClCompile>
    <ClCompile Include="..\src\scene\Ncam.cpp">
      <Filter>Source Files\scene</Filter>
    </ClCompile>
    <ClCompile Include="..\src\scene\Noriented.cpp">
      <Filter>Source Files\scene</Filter>
    </ClCompile>
    <ClCompile Include="..\src\scene\scene.cpp">
      <Filter>Source Files\scene</Filter>
    </ClCompile>
    <ClCompile Include="..\src\utilities\random.cpp">
      <Filter>Source Files\utilities</Filter>
    </ClCompile>
    <ClCompile Include="..\src\utilities\strings.cpp">
      <Filter>Source Files\utilities</Filter>
    </ClCompile>
    <ClCompile Include="..\src\utilities\timer.cpp">
      <Filter>Source Files\utilities</Filter>
    </ClCompile>
    <ClCompile Include="..\src\utilities\utilities.cpp">
      <Filter>Source Files\utilities</Filter>
    </ClCompile>
    <ClCompile Include="..\src\utilities\gpcpu\gpcpu.cpp">
      <Filter>Source Files\utilities\gpcpu</Filter>
    </ClCompile>
    <ClCompile Include="..\src\core\rendering\d3d12\dx12Texture.cpp">
      <Filter>Source Files\core\rendering\d3d12</Filter>
    </ClCompile>
    <ClCompile Include="..\src\input\andInput.cpp">
      <Filter>Source Files\input</Filter>
    </ClCompile>
    <ClCompile Include="..\src\core\rendering\common\buffer.cpp">
      <Filter>Source Files\core\rendering\common</Filter>
    </ClCompile>
    <ClCompile Include="..\src\core\rendering\common\device.cpp">
      <Filter>Source Files\core\rendering\common</Filter>
    </ClCompile>
    <ClCompile Include="..\src\core\rendering\vulkan\vkHeap.cpp">
      <Filter>Source Files\core\rendering\vulkan</Filter>
    </ClCompile>
    <ClCompile Include="..\src\core\rendering\common\heap.cpp">
      <Filter>Source Files\core\rendering\common</Filter>
    </ClCompile>
    <ClCompile Include="..\src\core\rendering\vulkan\vkBuffer.cpp">
      <Filter>Source Files\core\rendering\vulkan</Filter>
    </ClCompile>
    <ClCompile Include="..\src\core\rendering\vulkan\vkCommandBuffer.cpp">
      <Filter>Source Files\core\rendering\vulkan</Filter>
    </ClCompile>
    <ClCompile Include="..\src\core\rendering\d3d12\dx12Pipeline.cpp">
      <Filter>Source Files\core\rendering\d3d12</Filter>
    </ClCompile>
    <ClCompile Include="..\src\core\utilities\basicAllocator.cpp">
      <Filter>Source Files\core\utilities</Filter>
    </ClCompile>
    <ClCompile Include="..\src\core\rendering\vulkan\vkShader.cpp">
      <Filter>Source Files\core\rendering\vulkan</Filter>
    </ClCompile>
    <ClCompile Include="..\src\core\rendering\vulkan\vkLayout.cpp">
      <Filter>Source Files\core\rendering\vulkan</Filter>
    </ClCompile>
    <ClCompile Include="..\src\core\rendering\d3d12\dx12Layout.cpp">
      <Filter>Source Files\core\rendering\d3d12</Filter>
    </ClCompile>
    <ClCompile Include="..\src\core\rendering\vulkan\vkSampler.cpp">
      <Filter>Source Files\core\rendering\vulkan</Filter>
    </ClCompile>
    <ClCompile Include="..\src\core\rendering\vulkan\vkSynchronization.cpp">
      <Filter>Source Files\core\rendering\vulkan</Filter>
    </ClCompile>
    <ClCompile Include="..\src\core\rendering\common\inputLayout.cpp">
      <Filter>Source Files\core\rendering\common</Filter>
    </ClCompile>
    <ClCompile Include="..\src\core\rendering\vulkan\vkInputLayout.cpp">
      <Filter>Source Files\core\rendering\vulkan</Filter>
    </ClCompile>
    <ClCompile Include="..\src\core\rendering\d3d12\dx12InputLayout.cpp">
      <Filter>Source Files\core\rendering\d3d12</Filter>
    </ClCompile>
    <ClCompile Include="..\src\core\rendering\d3d12\dx12Buffer.cpp">
      <Filter>Source Files\core\rendering\d3d12</Filter>
    </ClCompile>
    <ClCompile Include="..\src\core\rendering\d3d12\dx12CommandBuffer.cpp">
      <Filter>Source Files\core\rendering\d3d12</Filter>
    </ClCompile>
    <ClCompile Include="..\src\core\rendering\d3d12\dx12Device.cpp">
      <Filter>Source Files\core\rendering\d3d12</Filter>
    </ClCompile>
    <ClCompile Include="..\src\core\rendering\d3d12\dx12Heap.cpp">
      <Filter>Source Files\core\rendering\d3d12</Filter>
    </ClCompile>
    <ClCompile Include="..\src\core\rendering\d3d12\dx12Multisampling.cpp">
      <Filter>Source Files\core\rendering\d3d12</Filter>
    </ClCompile>
    <ClCompile Include="..\src\core\rendering\d3d12\dx12RenderPass.cpp">
      <Filter>Source Files\core\rendering\d3d12</Filter>
    </ClCompile>
    <ClCompile Include="..\src\core\rendering\d3d12\dx12Sampler.cpp">
      <Filter>Source Files\core\rendering\d3d12</Filter>
    </ClCompile>
    <ClCompile Include="..\src\core\rendering\d3d12\dx12Shader.cpp">
      <Filter>Source Files\core\rendering\d3d12</Filter>
    </ClCompile>
    <ClCompile Include="..\src\core\rendering\d3d12\dx12Synchronization.cpp">
      <Filter>Source Files\core\rendering\d3d12</Filter>
    </ClCompile>
    <ClCompile Include="..\src\core\storage\andStorage.cpp">
      <Filter>Source Files\core\storage</Filter>
    </ClCompile>
    <ClCompile Include="..\src\core\storage\winStorage.cpp">
      <Filter>Source Files\core\storage</Filter>
    </ClCompile>
    <ClCompile Include="..\src\core\rendering\windows\winWindow.cpp">
      <Filter>Source Files\core\rendering\windows</Filter>
    </ClCompile>
    <ClCompile Include="..\src\core\rendering\windows\winDisplay.cpp">
      <Filter>Source Files\core\rendering\windows</Filter>
    </ClCompile>
    <ClCompile Include="..\src\core\rendering\vulkan\vkWindow.cpp">
      <Filter>Source Files\core\rendering\vulkan</Filter>
    </ClCompile>
    <ClCompile Include="..\src\core\rendering\common\window.cpp">
      <Filter>Source Files\core\rendering\common</Filter>
    </ClCompile>
    <ClCompile Include="..\src\core\rendering\common\display.cpp">
      <Filter>Source Files\core\rendering\common</Filter>
    </ClCompile>
    <ClCompile Include="..\src\core\rendering\d3d12\dx12Window.cpp">
      <Filter>Source Files\core\rendering\d3d12</Filter>
    </ClCompile>
    <ClCompile Include="..\src\core\types\sint16v2.cpp">
      <Filter>Source Files\core\types</Filter>
    </ClCompile>
    <ClCompile Include="..\src\core\rendering\common\depthStencil.cpp">
      <Filter>Source Files\core\rendering\common</Filter>
    </ClCompile>
    <ClCompile Include="..\src\core\rendering\common\raster.cpp">
      <Filter>Source Files\core\rendering\common</Filter>
    </ClCompile>
    <ClCompile Include="..\src\core\rendering\common\sampler.cpp">
      <Filter>Source Files\core\rendering\common</Filter>
    </ClCompile>
    <ClCompile Include="..\src\core\rendering\common\comBlend.cpp">
      <Filter>Source Files\core\rendering\common</Filter>
    </ClCompile>
    <ClCompile Include="..\src\core\algorithm\MurmurHash3.cpp">
      <Filter>Source Files\core\algorithm</Filter>
    </ClCompile>
    <ClCompile Include="..\src\core\algorithm\MurmurHash2.cpp">
      <Filter>Source Files\core\algorithm</Filter>
    </ClCompile>
    <ClCompile Include="..\src\core\types\uint128.cpp">
      <Filter>Source Files\core\types</Filter>
    </ClCompile>
    <ClCompile Include="..\src\core\algorithm\hash.cpp">
      <Filter>Source Files\core\algorithm</Filter>
    </ClCompile>
    <ClCompile Include="..\src\core\types\uint16v2.cpp">
      <Filter>Source Files\core\types</Filter>
    </ClCompile>
    <ClCompile Include="..\src\rendering\streamer.cpp">
      <Filter>Source Files\rendering</Filter>
    </ClCompile>
    <ClCompile Include="..\src\core\parallel\winThread.cpp">
      <Filter>Source Files\core\parallel</Filter>
    </ClCompile>
    <ClCompile Include="..\src\core\parallel\psxThread.cpp">
      <Filter>Source Files\core\parallel</Filter>
    </ClCompile>
    <ClCompile Include="..\src\core\types\uint16v4.cpp">
      <Filter>Source Files\core\types</Filter>
    </ClCompile>
    <ClCompile Include="..\src\core\parallel\winFiber.cpp">
      <Filter>Source Files\core\parallel</Filter>
    </ClCompile>
    <ClCompile Include="..\src\parallel\scheduler.cpp">
      <Filter>Source Files\parallel</Filter>
    </ClCompile>
    <ClCompile Include="..\src\core\parallel\psxFiber.cpp">
      <Filter>Source Files\core\parallel</Filter>
    </ClCompile>
    <ClCompile Include="..\src\core\memory\pageAllocator.cpp">
      <Filter>Source Files\core\memory</Filter>
    </ClCompile>
    <ClCompile Include="..\src\core\input\winEvents.cpp">
      <Filter>Source Files\core\input</Filter>
    </ClCompile>
    <ClCompile Include="..\src\core\input\winInput.cpp">
      <Filter>Source Files\core\input</Filter>
    </ClCompile>
    <ClCompile Include="..\src\core\input\winJoystick.cpp">
      <Filter>Source Files\core\input</Filter>
    </ClCompile>
    <ClCompile Include="..\src\core\parallel\parallel.cpp">
      <Filter>Source Files\core\parallel</Filter>
    </ClCompile>
    <ClCompile Include="..\src\platform\windows\winMain.cpp">
      <Filter>Source Files\platform\windows</Filter>
    </ClCompile>
    <ClCompile Include="..\src\platform\comMain.cpp">
      <Filter>Source Files\platform</Filter>
    </ClCompile>
    <ClCompile Include="..\src\core\rendering\common\texture.cpp">
      <Filter>Source Files\core\rendering\common</Filter>
    </ClCompile>
    <ClCompile Include="..\src\core\rendering\common\viewport.cpp">
      <Filter>Source Files\core\rendering\common</Filter>
    </ClCompile>
    <ClCompile Include="..\src\core\xr\openxr\oxrHeadset.cpp">
      <Filter>Source Files\core\xr\openxr</Filter>
    </ClCompile>
    <ClCompile Include="..\src\core\xr\openxr\oxrInterface.cpp">
      <Filter>Source Files\core\xr\openxr</Filter>
    </ClCompile>
    <ClCompile Include="..\src\core\xr\openxr\d3d12\oxrdx12PresentationSession.cpp">
      <Filter>Source Files\core\xr\openxr\d3d12</Filter>
    </ClCompile>
    <ClCompile Include="..\src\core\xr\openxr\vulkan\oxrvkPresentationSession.cpp">
      <Filter>Source Files\core\xr\openxr\vulkan</Filter>
    </ClCompile>
    <ClCompile Include="..\src\core\xr\openxr\oxrPresentationSession.cpp">
      <Filter>Source Files\core\xr\openxr</Filter>
    </ClCompile>
    <ClCompile Include="..\src\core\xr\openxr\oxrFrame.cpp">
      <Filter>Source Files\core\xr\openxr</Filter>
    </ClCompile>
    <ClCompile Include="..\src\core\xr\openxr\oxrFrameState.cpp">
      <Filter>Source Files\core\xr\openxr</Filter>
    </ClCompile>
    <ClCompile Include="..\src\core\xr\openxr\oxrView.cpp">
      <Filter>Source Files\core\xr\openxr</Filter>
    </ClCompile>
    <ClCompile Include="..\src\core\xr\openxr\vulkan\oxrvkHeadset.cpp">
      <Filter>Source Files\core\xr\openxr\vulkan</Filter>
    </ClCompile>
    <ClCompile Include="..\src\core\xr\openxr\d3d12\oxrdx12Headset.cpp">
      <Filter>Source Files\core\xr\openxr\d3d12</Filter>
    </ClCompile>
    <ClCompile Include="..\src\core\xr\common\xrInterface.cpp">
      <Filter>Source Files\core\xr\common</Filter>
    </ClCompile>
    <ClCompile Include="..\src\core\xr\openvr\ovrInterface.cpp">
      <Filter>Source Files\core\xr\openvr</Filter>
    </ClCompile>
    <ClCompile Include="..\src\core\parallel\winMutex.cpp">
      <Filter>Source Files\core\parallel</Filter>
    </ClCompile>
    <ClCompile Include="..\src\core\parallel\psxMutex.cpp">
      <Filter>Source Files\core\parallel</Filter>
    </ClCompile>
    <ClCompile Include="..\src\core\log\StreamLog.cpp">
      <Filter>Source Files\core\log</Filter>
    </ClCompile>
    <ClCompile Include="..\src\core\log\andLog.cpp">
      <Filter>Source Files\core\log</Filter>
    </ClCompile>
    <ClCompile Include="..\src\core\log\PrintLog.cpp">
      <Filter>Source Files\core\log</Filter>
    </ClCompile>
  </ItemGroup>
  <ItemGroup>
    <ClInclude Include="..\public\include\audio\audio.h">
      <Filter>Header Files\audio</Filter>
    </ClInclude>
    <ClInclude Include="..\public\include\core\types.h">
      <Filter>Header Files\core</Filter>
    </ClInclude>
    <ClInclude Include="..\public\include\core\types\basic.h">
      <Filter>Header Files\core\types</Filter>
    </ClInclude>
    <ClInclude Include="..\public\include\core\types\double3.h">
      <Filter>Header Files\core\types</Filter>
    </ClInclude>
    <ClInclude Include="..\public\include\core\types\double4.h">
      <Filter>Header Files\core\types</Filter>
    </ClInclude>
    <ClInclude Include="..\public\include\core\types\float2.h">
      <Filter>Header Files\core\types</Filter>
    </ClInclude>
    <ClInclude Include="..\public\include\core\types\float3.h">
      <Filter>Header Files\core\types</Filter>
    </ClInclude>
    <ClInclude Include="..\public\include\core\types\float3x3.h">
      <Filter>Header Files\core\types</Filter>
    </ClInclude>
    <ClInclude Include="..\public\include\core\types\float3x4.h">
      <Filter>Header Files\core\types</Filter>
    </ClInclude>
    <ClInclude Include="..\public\include\core\types\float4.h">
      <Filter>Header Files\core\types</Filter>
    </ClInclude>
    <ClInclude Include="..\public\include\core\types\float4x4.h">
      <Filter>Header Files\core\types</Filter>
    </ClInclude>
    <ClInclude Include="..\public\include\core\types\half.h">
      <Filter>Header Files\core\types</Filter>
    </ClInclude>
    <ClInclude Include="..\public\include\core\types\quaternion.h">
      <Filter>Header Files\core\types</Filter>
    </ClInclude>
    <ClInclude Include="..\public\include\core\types\uint32v2.h">
      <Filter>Header Files\core\types</Filter>
    </ClInclude>
    <ClInclude Include="..\public\include\core\types\uint32v3.h">
      <Filter>Header Files\core\types</Filter>
    </ClInclude>
    <ClInclude Include="..\public\include\core\types\uint32v4.h">
      <Filter>Header Files\core\types</Filter>
    </ClInclude>
    <ClInclude Include="..\src\core\configuration.h">
      <Filter>Source Files\core</Filter>
    </ClInclude>
    <ClInclude Include="..\public\include\Ngine.h">
      <Filter>Header Files</Filter>
    </ClInclude>
    <ClInclude Include="..\public\include\core\config\config.h">
      <Filter>Header Files\core\config</Filter>
    </ClInclude>
    <ClInclude Include="..\public\include\core\log\log.h">
      <Filter>Header Files\core\log</Filter>
    </ClInclude>
    <ClInclude Include="..\public\include\core\rendering\blend.h">
      <Filter>Header Files\core\rendering</Filter>
    </ClInclude>
    <ClInclude Include="..\public\include\core\rendering\buffer.h">
      <Filter>Header Files\core\rendering</Filter>
    </ClInclude>
    <ClInclude Include="..\public\include\core\rendering\depthStencil.h">
      <Filter>Header Files\core\rendering</Filter>
    </ClInclude>
    <ClInclude Include="..\public\include\core\rendering\device.h">
      <Filter>Header Files\core\rendering</Filter>
    </ClInclude>
    <ClInclude Include="..\public\include\core\rendering\multisampling.h">
      <Filter>Header Files\core\rendering</Filter>
    </ClInclude>
    <ClInclude Include="..\public\include\core\rendering\pipeline.h">
      <Filter>Header Files\core\rendering</Filter>
    </ClInclude>
    <ClInclude Include="..\public\include\core\rendering\raster.h">
      <Filter>Header Files\core\rendering</Filter>
    </ClInclude>
    <ClInclude Include="..\public\include\core\rendering\sampler.h">
      <Filter>Header Files\core\rendering</Filter>
    </ClInclude>
    <ClInclude Include="..\public\include\core\rendering\state.h">
      <Filter>Header Files\core\rendering</Filter>
    </ClInclude>
    <ClInclude Include="..\public\include\core\rendering\texture.h">
      <Filter>Header Files\core\rendering</Filter>
    </ClInclude>
    <ClInclude Include="..\public\include\core\rendering\viewport.h">
      <Filter>Header Files\core\rendering</Filter>
    </ClInclude>
    <ClInclude Include="..\src\core\rendering\d3d12\dx12.h">
      <Filter>Source Files\core\rendering\d3d12</Filter>
    </ClInclude>
    <ClInclude Include="..\src\core\rendering\d3d12\dx12Blend.h">
      <Filter>Source Files\core\rendering\d3d12</Filter>
    </ClInclude>
    <ClInclude Include="..\src\core\rendering\d3d12\dx12DepthStencil.h">
      <Filter>Source Files\core\rendering\d3d12</Filter>
    </ClInclude>
    <ClInclude Include="..\src\core\rendering\d3d12\dx12Device.h">
      <Filter>Source Files\core\rendering\d3d12</Filter>
    </ClInclude>
    <ClInclude Include="..\src\core\rendering\d3d12\dx12Raster.h">
      <Filter>Source Files\core\rendering\d3d12</Filter>
    </ClInclude>
    <ClInclude Include="..\src\core\rendering\d3d12\dx12Viewport.h">
      <Filter>Source Files\core\rendering\d3d12</Filter>
    </ClInclude>
    <ClInclude Include="..\src\core\rendering\common\sampler.h">
      <Filter>Source Files\core\rendering\common</Filter>
    </ClInclude>
    <ClInclude Include="..\src\core\rendering\common\texture.h">
      <Filter>Source Files\core\rendering\common</Filter>
    </ClInclude>
    <ClInclude Include="..\src\core\rendering\metal\mtlBlend.h">
      <Filter>Source Files\core\rendering\metal</Filter>
    </ClInclude>
    <ClInclude Include="..\src\core\rendering\metal\mtlDepthStencil.h">
      <Filter>Source Files\core\rendering\metal</Filter>
    </ClInclude>
    <ClInclude Include="..\src\core\rendering\metal\mtlSampler.h">
      <Filter>Source Files\core\rendering\metal</Filter>
    </ClInclude>
    <ClInclude Include="..\src\core\rendering\metal\mtlTexture.h">
      <Filter>Source Files\core\rendering\metal</Filter>
    </ClInclude>
    <ClInclude Include="..\src\core\rendering\metal\mtlViewport.h">
      <Filter>Source Files\core\rendering\metal</Filter>
    </ClInclude>
    <ClInclude Include="..\src\core\rendering\vulkan\vkBlend.h">
      <Filter>Source Files\core\rendering\vulkan</Filter>
    </ClInclude>
    <ClInclude Include="..\src\core\rendering\vulkan\vkDepthStencil.h">
      <Filter>Source Files\core\rendering\vulkan</Filter>
    </ClInclude>
    <ClInclude Include="..\src\core\rendering\vulkan\vkDevice.h">
      <Filter>Source Files\core\rendering\vulkan</Filter>
    </ClInclude>
    <ClInclude Include="..\src\core\rendering\vulkan\vkMultisampling.h">
      <Filter>Source Files\core\rendering\vulkan</Filter>
    </ClInclude>
    <ClInclude Include="..\src\core\rendering\vulkan\vkPipeline.h">
      <Filter>Source Files\core\rendering\vulkan</Filter>
    </ClInclude>
    <ClInclude Include="..\src\core\rendering\vulkan\vkRaster.h">
      <Filter>Source Files\core\rendering\vulkan</Filter>
    </ClInclude>
    <ClInclude Include="..\src\core\rendering\vulkan\vkSampler.h">
      <Filter>Source Files\core\rendering\vulkan</Filter>
    </ClInclude>
    <ClInclude Include="..\src\core\rendering\vulkan\vkTexture.h">
      <Filter>Source Files\core\rendering\vulkan</Filter>
    </ClInclude>
    <ClInclude Include="..\src\core\rendering\vulkan\vkViewport.h">
      <Filter>Source Files\core\rendering\vulkan</Filter>
    </ClInclude>
    <ClInclude Include="..\src\core\rendering\vulkan\vulkan.h">
      <Filter>Source Files\core\rendering\vulkan</Filter>
    </ClInclude>
    <ClInclude Include="..\src\core\rendering\vulkan\vulkan10.h">
      <Filter>Source Files\core\rendering\vulkan</Filter>
    </ClInclude>
    <ClInclude Include="..\src\core\log\context.h">
      <Filter>Source Files\core\log</Filter>
    </ClInclude>
    <ClInclude Include="..\src\core\config\context.h">
      <Filter>Source Files\core\config</Filter>
    </ClInclude>
    <ClInclude Include="..\src\audio\context.h">
      <Filter>Source Files\audio</Filter>
    </ClInclude>
    <ClInclude Include="..\src\core\storage\context.h">
      <Filter>Source Files\core\storage</Filter>
    </ClInclude>
    <ClInclude Include="..\public\include\core\storage.h">
      <Filter>Header Files\core</Filter>
    </ClInclude>
    <ClInclude Include="..\public\include\core\threading\atomics.h">
      <Filter>Header Files\core\threading</Filter>
    </ClInclude>
    <ClInclude Include="..\public\include\core\utilities\array.h">
      <Filter>Header Files\core\utilities</Filter>
    </ClInclude>
    <ClInclude Include="..\public\include\core\utilities\NonCopyable.h">
      <Filter>Header Files\core\utilities</Filter>
    </ClInclude>
    <ClInclude Include="..\public\include\core\utilities\parser.h">
      <Filter>Header Files\core\utilities</Filter>
    </ClInclude>
    <ClInclude Include="..\public\include\core\utilities\TintrusivePointer.h">
      <Filter>Header Files\core\utilities</Filter>
    </ClInclude>
    <ClInclude Include="..\public\include\core\utilities\Tproxy.h">
      <Filter>Header Files\core\utilities</Filter>
    </ClInclude>
    <ClInclude Include="..\public\include\core\utilities\Tsingleton.h">
      <Filter>Header Files\core\utilities</Filter>
    </ClInclude>
    <ClInclude Include="..\public\include\input\hmd.h">
      <Filter>Header Files\input</Filter>
    </ClInclude>
    <ClInclude Include="..\public\include\input\input.h">
      <Filter>Header Files\input</Filter>
    </ClInclude>
    <ClInclude Include="..\src\input\context.h">
      <Filter>Source Files\input</Filter>
    </ClInclude>
    <ClInclude Include="..\src\input\oculus.h">
      <Filter>Source Files\input</Filter>
    </ClInclude>
    <ClInclude Include="..\src\input\vive.h">
      <Filter>Source Files\input</Filter>
    </ClInclude>
    <ClInclude Include="..\public\include\platform\android\and_events.h">
      <Filter>Header Files\platform\android</Filter>
    </ClInclude>
    <ClInclude Include="..\public\include\platform\android\and_init.h">
      <Filter>Header Files\platform\android</Filter>
    </ClInclude>
    <ClInclude Include="..\public\include\platform\android\and_main.h">
      <Filter>Header Files\platform\android</Filter>
    </ClInclude>
    <ClInclude Include="..\public\include\platform\windows\win_events.h">
      <Filter>Header Files\platform\windows</Filter>
    </ClInclude>
    <ClInclude Include="..\public\include\platform\windows\win_init.h">
      <Filter>Header Files\platform\windows</Filter>
    </ClInclude>
    <ClInclude Include="..\public\include\platform\windows\win_main.h">
      <Filter>Header Files\platform\windows</Filter>
    </ClInclude>
    <ClInclude Include="..\public\include\platform\system.h">
      <Filter>Header Files\platform</Filter>
    </ClInclude>
    <ClInclude Include="..\src\platform\context.h">
      <Filter>Source Files\platform</Filter>
    </ClInclude>
    <ClInclude Include="..\public\include\rendering\renderer.h">
      <Filter>Header Files\rendering</Filter>
    </ClInclude>
    <ClInclude Include="..\public\include\rendering\stereo.h">
      <Filter>Header Files\rendering</Filter>
    </ClInclude>
    <ClInclude Include="..\src\resources\context.h">
      <Filter>Source Files\resources</Filter>
    </ClInclude>
    <ClInclude Include="..\public\include\resources\bmp.h">
      <Filter>Header Files\resources</Filter>
    </ClInclude>
    <ClInclude Include="..\public\include\resources\dds.h">
      <Filter>Header Files\resources</Filter>
    </ClInclude>
    <ClInclude Include="..\public\include\resources\effect.h">
      <Filter>Header Files\resources</Filter>
    </ClInclude>
    <ClInclude Include="..\public\include\resources\exr.h">
      <Filter>Header Files\resources</Filter>
    </ClInclude>
    <ClInclude Include="..\public\include\resources\fbx.h">
      <Filter>Header Files\resources</Filter>
    </ClInclude>
    <ClInclude Include="..\public\include\resources\font.h">
      <Filter>Header Files\resources</Filter>
    </ClInclude>
    <ClInclude Include="..\public\include\resources\forsyth.h">
      <Filter>Header Files\resources</Filter>
    </ClInclude>
    <ClInclude Include="..\public\include\resources\hdr.h">
      <Filter>Header Files\resources</Filter>
    </ClInclude>
    <ClInclude Include="..\public\include\resources\material.h">
      <Filter>Header Files\resources</Filter>
    </ClInclude>
    <ClInclude Include="..\public\include\resources\mtl.h">
      <Filter>Header Files\resources</Filter>
    </ClInclude>
    <ClInclude Include="..\public\include\resources\obj.h">
      <Filter>Header Files\resources</Filter>
    </ClInclude>
    <ClInclude Include="..\public\include\resources\png.h">
      <Filter>Header Files\resources</Filter>
    </ClInclude>
    <ClInclude Include="..\public\include\resources\resources.h">
      <Filter>Header Files\resources</Filter>
    </ClInclude>
    <ClInclude Include="..\public\include\resources\tga.h">
      <Filter>Header Files\resources</Filter>
    </ClInclude>
    <ClInclude Include="..\public\include\resources\wav.h">
      <Filter>Header Files\resources</Filter>
    </ClInclude>
    <ClInclude Include="..\public\include\resources\zip.h">
      <Filter>Header Files\resources</Filter>
    </ClInclude>
    <ClInclude Include="..\public\include\scene\axes.h">
      <Filter>Header Files\scene</Filter>
    </ClInclude>
    <ClInclude Include="..\public\include\scene\cam.h">
      <Filter>Header Files\scene</Filter>
    </ClInclude>
    <ClInclude Include="..\public\include\scene\drawable.h">
      <Filter>Header Files\scene</Filter>
    </ClInclude>
    <ClInclude Include="..\public\include\scene\entity.h">
      <Filter>Header Files\scene</Filter>
    </ClInclude>
    <ClInclude Include="..\public\include\scene\frustum.h">
      <Filter>Header Files\scene</Filter>
    </ClInclude>
    <ClInclude Include="..\public\include\scene\Ncam.h">
      <Filter>Header Files\scene</Filter>
    </ClInclude>
    <ClInclude Include="..\public\include\scene\Noriented.h">
      <Filter>Header Files\scene</Filter>
    </ClInclude>
    <ClInclude Include="..\public\include\scene\scene.h">
      <Filter>Header Files\scene</Filter>
    </ClInclude>
    <ClInclude Include="..\public\include\scene\state.h">
      <Filter>Header Files\scene</Filter>
    </ClInclude>
    <ClInclude Include="..\src\scene\context.h">
      <Filter>Source Files\scene</Filter>
    </ClInclude>
    <ClInclude Include="..\public\include\threading\mutex.h">
      <Filter>Header Files\threading</Filter>
    </ClInclude>
    <ClInclude Include="..\public\include\utilities\Nversion.h">
      <Filter>Header Files\utilities</Filter>
    </ClInclude>
    <ClInclude Include="..\public\include\utilities\random.h">
      <Filter>Header Files\utilities</Filter>
    </ClInclude>
    <ClInclude Include="..\public\include\utilities\strings.h">
      <Filter>Header Files\utilities</Filter>
    </ClInclude>
    <ClInclude Include="..\public\include\utilities\Tcontainer.h">
      <Filter>Header Files\utilities</Filter>
    </ClInclude>
    <ClInclude Include="..\public\include\utilities\timer.h">
      <Filter>Header Files\utilities</Filter>
    </ClInclude>
    <ClInclude Include="..\public\include\utilities\utilities.h">
      <Filter>Header Files\utilities</Filter>
    </ClInclude>
    <ClInclude Include="..\public\include\utilities\gpcpu\gpcpu.h">
      <Filter>Header Files\utilities\gpcpu</Filter>
    </ClInclude>
    <ClInclude Include="..\public\include\core\defines.h">
      <Filter>Header Files\core</Filter>
    </ClInclude>
    <ClInclude Include="..\public\include\platform\osx\mac_callbacks.h">
      <Filter>Header Files\platform\osx</Filter>
    </ClInclude>
    <ClInclude Include="..\public\include\platform\osx\mac_init.h">
      <Filter>Header Files\platform\osx</Filter>
    </ClInclude>
    <ClInclude Include="..\public\include\platform\osx\mac_main.h">
      <Filter>Header Files\platform\osx</Filter>
    </ClInclude>
    <ClInclude Include="..\src\core\rendering\metal\mtlDevice.h">
      <Filter>Source Files\core\rendering\metal</Filter>
    </ClInclude>
    <ClInclude Include="..\src\core\rendering\metal\mtlRenderPass.h">
      <Filter>Source Files\core\rendering\metal</Filter>
    </ClInclude>
    <ClInclude Include="..\public\include\core\rendering\renderPass.h">
      <Filter>Header Files\core\rendering</Filter>
    </ClInclude>
    <ClInclude Include="..\src\core\rendering\vulkan\vkRenderPass.h">
      <Filter>Source Files\core\rendering\vulkan</Filter>
    </ClInclude>
    <ClInclude Include="..\src\core\rendering\metal\metal.h">
      <Filter>Source Files\core\rendering\metal</Filter>
    </ClInclude>
    <ClInclude Include="..\src\core\rendering\metal\mtlAPI.h">
      <Filter>Source Files\core\rendering\metal</Filter>
    </ClInclude>
    <ClInclude Include="..\src\core\rendering\metal\mtlMultisampling.h">
      <Filter>Source Files\core\rendering\metal</Filter>
    </ClInclude>
    <ClInclude Include="..\src\core\rendering\metal\mtlPipeline.h">
      <Filter>Source Files\core\rendering\metal</Filter>
    </ClInclude>
    <ClInclude Include="..\src\core\rendering\metal\mtlRaster.h">
      <Filter>Source Files\core\rendering\metal</Filter>
    </ClInclude>
    <ClInclude Include="..\src\input\andInput.h">
      <Filter>Source Files\input</Filter>
    </ClInclude>
    <ClInclude Include="..\src\input\common.h">
      <Filter>Source Files\input</Filter>
    </ClInclude>
    <ClInclude Include="..\src\input\osxInput.h">
      <Filter>Source Files\input</Filter>
    </ClInclude>
    <ClInclude Include="..\public\include\input\keyboard.h">
      <Filter>Header Files\input</Filter>
    </ClInclude>
    <ClInclude Include="..\src\core\rendering\common\buffer.h">
      <Filter>Source Files\core\rendering\common</Filter>
    </ClInclude>
    <ClInclude Include="..\src\core\rendering\common\device.h">
      <Filter>Source Files\core\rendering\common</Filter>
    </ClInclude>
    <ClInclude Include="..\src\core\rendering\vulkan\vkHeap.h">
      <Filter>Source Files\core\rendering\vulkan</Filter>
    </ClInclude>
    <ClInclude Include="..\src\core\rendering\common\heap.h">
      <Filter>Source Files\core\rendering\common</Filter>
    </ClInclude>
    <ClInclude Include="..\public\include\core\rendering\heap.h">
      <Filter>Header Files\core\rendering</Filter>
    </ClInclude>
    <ClInclude Include="..\src\core\rendering\metal\mtlBuffer.h">
      <Filter>Source Files\core\rendering\metal</Filter>
    </ClInclude>
    <ClInclude Include="..\src\core\rendering\metal\mtlCommandBuffer.h">
      <Filter>Source Files\core\rendering\metal</Filter>
    </ClInclude>
    <ClInclude Include="..\src\core\rendering\metal\mtlHeap.h">
      <Filter>Source Files\core\rendering\metal</Filter>
    </ClInclude>
    <ClInclude Include="..\src\core\rendering\metal\mtlShader.h">
      <Filter>Source Files\core\rendering\metal</Filter>
    </ClInclude>
    <ClInclude Include="..\src\core\rendering\vulkan\vkBuffer.h">
      <Filter>Source Files\core\rendering\vulkan</Filter>
    </ClInclude>
    <ClInclude Include="..\src\core\rendering\vulkan\vkCommandBuffer.h">
      <Filter>Source Files\core\rendering\vulkan</Filter>
    </ClInclude>
    <ClInclude Include="..\src\core\utilities\basicAllocator.h">
      <Filter>Source Files\core\utilities</Filter>
    </ClInclude>
    <ClInclude Include="..\src\core\rendering\vulkan\vkShader.h">
      <Filter>Source Files\core\rendering\vulkan</Filter>
    </ClInclude>
    <ClInclude Include="..\public\include\core\rendering\commandBuffer.h">
      <Filter>Header Files\core\rendering</Filter>
    </ClInclude>
    <ClInclude Include="..\public\include\core\rendering\shader.h">
      <Filter>Header Files\core\rendering</Filter>
    </ClInclude>
    <ClInclude Include="..\public\include\core\rendering\surface.h">
      <Filter>Header Files\core\rendering</Filter>
    </ClInclude>
    <ClInclude Include="..\src\core\rendering\vulkan\vkLayout.h">
      <Filter>Source Files\core\rendering\vulkan</Filter>
    </ClInclude>
    <ClInclude Include="..\public\include\core\rendering\layout.h">
      <Filter>Header Files\core\rendering</Filter>
    </ClInclude>
    <ClInclude Include="..\src\core\rendering\d3d12\dx12Layout.h">
      <Filter>Source Files\core\rendering\d3d12</Filter>
    </ClInclude>
    <ClInclude Include="..\public\include\core\rendering\synchronization.h">
      <Filter>Header Files\core\rendering</Filter>
    </ClInclude>
    <ClInclude Include="..\src\core\rendering\vulkan\vkSynchronization.h">
      <Filter>Source Files\core\rendering\vulkan</Filter>
    </ClInclude>
    <ClInclude Include="..\src\core\rendering\common\inputLayout.h">
      <Filter>Source Files\core\rendering\common</Filter>
    </ClInclude>
    <ClInclude Include="..\public\include\core\rendering\inputLayout.h">
      <Filter>Header Files\core\rendering</Filter>
    </ClInclude>
    <ClInclude Include="..\src\core\rendering\vulkan\vkInputLayout.h">
      <Filter>Source Files\core\rendering\vulkan</Filter>
    </ClInclude>
    <ClInclude Include="..\src\core\rendering\d3d12\dx12InputLayout.h">
      <Filter>Source Files\core\rendering\d3d12</Filter>
    </ClInclude>
    <ClInclude Include="..\src\core\rendering\metal\mtlInputLayout.h">
      <Filter>Source Files\core\rendering\metal</Filter>
    </ClInclude>
    <ClInclude Include="..\src\core\rendering\d3d12\dx12Buffer.h">
      <Filter>Source Files\core\rendering\d3d12</Filter>
    </ClInclude>
    <ClInclude Include="..\src\core\rendering\d3d12\dx12CommandBuffer.h">
      <Filter>Source Files\core\rendering\d3d12</Filter>
    </ClInclude>
    <ClInclude Include="..\src\core\rendering\d3d12\dx12Heap.h">
      <Filter>Source Files\core\rendering\d3d12</Filter>
    </ClInclude>
    <ClInclude Include="..\src\core\rendering\d3d12\dx12Multisampling.h">
      <Filter>Source Files\core\rendering\d3d12</Filter>
    </ClInclude>
    <ClInclude Include="..\src\core\rendering\d3d12\dx12Pipeline.h">
      <Filter>Source Files\core\rendering\d3d12</Filter>
    </ClInclude>
    <ClInclude Include="..\src\core\rendering\d3d12\dx12RenderPass.h">
      <Filter>Source Files\core\rendering\d3d12</Filter>
    </ClInclude>
    <ClInclude Include="..\src\core\rendering\d3d12\dx12Sampler.h">
      <Filter>Source Files\core\rendering\d3d12</Filter>
    </ClInclude>
    <ClInclude Include="..\src\core\rendering\d3d12\dx12Shader.h">
      <Filter>Source Files\core\rendering\d3d12</Filter>
    </ClInclude>
    <ClInclude Include="..\src\core\rendering\d3d12\dx12Texture.h">
      <Filter>Source Files\core\rendering\d3d12</Filter>
    </ClInclude>
    <ClInclude Include="..\src\core\rendering\metal\mtlInternal.h">
      <Filter>Source Files\core\rendering\metal</Filter>
    </ClInclude>
    <ClInclude Include="..\src\core\rendering\metal\mtlLayout.h">
      <Filter>Source Files\core\rendering\metal</Filter>
    </ClInclude>
    <ClInclude Include="..\src\core\rendering\osxSurface.h">
      <Filter>Source Files\core\rendering</Filter>
    </ClInclude>
    <ClInclude Include="..\src\core\rendering\d3d12\dx12Synchronization.h">
      <Filter>Source Files\core\rendering\d3d12</Filter>
    </ClInclude>
    <ClInclude Include="..\src\core\storage\andStorage.h">
      <Filter>Source Files\core\storage</Filter>
    </ClInclude>
    <ClInclude Include="..\src\core\storage\osxStorage.h">
      <Filter>Source Files\core\storage</Filter>
    </ClInclude>
    <ClInclude Include="..\src\core\storage\storage.h">
      <Filter>Source Files\core\storage</Filter>
    </ClInclude>
    <ClInclude Include="..\src\core\storage\winStorage.h">
      <Filter>Source Files\core\storage</Filter>
    </ClInclude>
    <ClInclude Include="..\src\core\rendering\windows\winWindow.h">
      <Filter>Source Files\core\rendering\windows</Filter>
    </ClInclude>
    <ClInclude Include="..\src\core\rendering\windows\winDisplay.h">
      <Filter>Source Files\core\rendering\windows</Filter>
    </ClInclude>
    <ClInclude Include="..\src\core\rendering\common\window.h">
      <Filter>Source Files\core\rendering\common</Filter>
    </ClInclude>
    <ClInclude Include="..\src\core\rendering\common\display.h">
      <Filter>Source Files\core\rendering\common</Filter>
    </ClInclude>
    <ClInclude Include="..\public\include\core\rendering\display.h">
      <Filter>Header Files\core\rendering</Filter>
    </ClInclude>
    <ClInclude Include="..\public\include\core\rendering\window.h">
      <Filter>Header Files\core\rendering</Filter>
    </ClInclude>
    <ClInclude Include="..\src\core\rendering\vulkan\vkWindow.h">
      <Filter>Source Files\core\rendering\vulkan</Filter>
    </ClInclude>
    <ClInclude Include="..\src\core\rendering\metal\mtlDisplay.h">
      <Filter>Source Files\core\rendering\metal</Filter>
    </ClInclude>
    <ClInclude Include="..\src\core\rendering\metal\mtlWindow.h">
      <Filter>Source Files\core\rendering\metal</Filter>
    </ClInclude>
    <ClInclude Include="..\src\core\rendering\d3d12\dx12Window.h">
      <Filter>Source Files\core\rendering\d3d12</Filter>
    </ClInclude>
    <ClInclude Include="..\src\core\algorithm\MurmurHash3.h">
      <Filter>Source Files\core\algorithm</Filter>
    </ClInclude>
    <ClInclude Include="..\src\core\algorithm\MurmurHash2.h">
      <Filter>Source Files\core\algorithm</Filter>
    </ClInclude>
    <ClInclude Include="..\public\include\core\types\uint128.h">
      <Filter>Header Files\core\types</Filter>
    </ClInclude>
    <ClInclude Include="..\public\include\core\algorithm\hash.h">
      <Filter>Header Files\core\algorithm</Filter>
    </ClInclude>
    <ClInclude Include="..\public\include\core\utilities\poolAllocator.h">
      <Filter>Header Files\core\utilities</Filter>
    </ClInclude>
    <ClInclude Include="..\public\include\threading\semaphore.h">
      <Filter>Header Files\threading</Filter>
    </ClInclude>
    <ClInclude Include="..\public\include\core\types\uint16v2.h">
      <Filter>Header Files\core\types</Filter>
    </ClInclude>
    <ClInclude Include="..\public\include\core\algorithm\allocator.h">
      <Filter>Header Files\core\algorithm</Filter>
    </ClInclude>
    <ClInclude Include="..\public\include\rendering\streamer.h">
      <Filter>Header Files\rendering</Filter>
    </ClInclude>
    <ClInclude Include="..\public\include\core\parallel\thread.h">
      <Filter>Header Files\core\parallel</Filter>
    </ClInclude>
    <ClInclude Include="..\src\core\parallel\winThread.h">
      <Filter>Source Files\core\parallel</Filter>
    </ClInclude>
    <ClInclude Include="..\src\core\parallel\psxThread.h">
      <Filter>Source Files\core\parallel</Filter>
    </ClInclude>
    <ClInclude Include="..\src\core\parallel\winFiber.h">
      <Filter>Source Files\core\parallel</Filter>
    </ClInclude>
    <ClInclude Include="..\src\core\parallel\fiber.h">
      <Filter>Source Files\core\parallel</Filter>
    </ClInclude>
    <ClInclude Include="..\src\core\parallel\psxFiber.h">
      <Filter>Source Files\core\parallel</Filter>
    </ClInclude>
    <ClInclude Include="..\public\include\parallel\scheduler.h">
      <Filter>Header Files\parallel</Filter>
    </ClInclude>
    <ClInclude Include="..\public\include\core\memory\pageAllocator.h">
      <Filter>Header Files\core\memory</Filter>
    </ClInclude>
    <ClInclude Include="..\public\include\core\memory\alignment.h">
      <Filter>Header Files\core\memory</Filter>
    </ClInclude>
    <ClInclude Include="..\public\include\parallel\sharedAtomic.h">
      <Filter>Header Files\parallel</Filter>
    </ClInclude>
    <ClInclude Include="..\public\include\memory\workStealingDeque.h">
      <Filter>Header Files\memory</Filter>
    </ClInclude>
    <ClInclude Include="..\public\include\memory\circularQueue.h">
      <Filter>Header Files\memory</Filter>
    </ClInclude>
    <ClInclude Include="..\src\core\input\winInput.h">
      <Filter>Source Files\core\input</Filter>
    </ClInclude>
    <ClInclude Include="..\src\core\input\winJoystick.h">
      <Filter>Source Files\core\input</Filter>
    </ClInclude>
    <ClInclude Include="..\public\include\parallel\task.h">
      <Filter>Header Files\parallel</Filter>
    </ClInclude>
    <ClInclude Include="..\src\parallel\comScheduler.h">
      <Filter>Source Files\parallel</Filter>
    </ClInclude>
    <ClInclude Include="..\src\core\parallel\parallel.h">
      <Filter>Source Files\core\parallel</Filter>
    </ClInclude>
    <ClInclude Include="..\src\platform\osx\AppDelegate.h">
      <Filter>Source Files\platform\osx</Filter>
    </ClInclude>
    <ClInclude Include="..\src\platform\comMain.h">
      <Filter>Source Files\platform</Filter>
    </ClInclude>
    <ClInclude Include="..\public\include\core\memory\alignedAllocator.h">
      <Filter>Header Files\core\memory</Filter>
    </ClInclude>
    <ClInclude Include="..\public\include\core\xr\headset.h">
      <Filter>Header Files\core\xr</Filter>
    </ClInclude>
    <ClInclude Include="..\src\core\xr\openxr\oxrHeadset.h">
      <Filter>Source Files\core\xr\openxr</Filter>
    </ClInclude>
    <ClInclude Include="..\public\include\core\xr\interface.h">
      <Filter>Header Files\core\xr</Filter>
    </ClInclude>
    <ClInclude Include="..\src\core\xr\openxr\oxrInterface.h">
      <Filter>Source Files\core\xr\openxr</Filter>
    </ClInclude>
    <ClInclude Include="..\src\core\xr\openxr\d3d12\oxrdx12PresentationSession.h">
      <Filter>Source Files\core\xr\openxr\d3d12</Filter>
    </ClInclude>
    <ClInclude Include="..\src\core\xr\openxr\oxrPresentationSession.h">
      <Filter>Source Files\core\xr\openxr</Filter>
    </ClInclude>
    <ClInclude Include="..\public\include\core\xr\presentationSession.h">
      <Filter>Header Files\core\xr</Filter>
    </ClInclude>
    <ClInclude Include="..\src\core\xr\openxr\vulkan\oxrvkPresentationSession.h">
      <Filter>Source Files\core\xr\openxr\vulkan</Filter>
    </ClInclude>
    <ClInclude Include="..\src\core\rendering\vulkan\vkValidate.h">
      <Filter>Source Files\core\rendering\vulkan</Filter>
    </ClInclude>
    <ClInclude Include="..\src\core\xr\openxr\oxrValidate.h">
      <Filter>Source Files\core\xr\openxr</Filter>
    </ClInclude>
    <ClInclude Include="..\src\core\rendering\d3d12\dx12Validate.h">
      <Filter>Source Files\core\rendering\d3d12</Filter>
    </ClInclude>
    <ClInclude Include="..\src\core\xr\openxr\oxrDLL.h">
      <Filter>Source Files\core\xr\openxr</Filter>
    </ClInclude>
    <ClInclude Include="..\src\core\xr\openxr\oxrFrame.h">
      <Filter>Source Files\core\xr\openxr</Filter>
    </ClInclude>
    <ClInclude Include="..\public\include\core\xr\frameState.h">
      <Filter>Header Files\core\xr</Filter>
    </ClInclude>
    <ClInclude Include="..\public\include\core\xr\frame.h">
      <Filter>Header Files\core\xr</Filter>
    </ClInclude>
    <ClInclude Include="..\src\core\xr\openxr\oxrFrameState.h">
      <Filter>Source Files\core\xr\openxr</Filter>
    </ClInclude>
    <ClInclude Include="..\src\core\xr\openxr\oxrView.h">
      <Filter>Source Files\core\xr\openxr</Filter>
    </ClInclude>
    <ClInclude Include="..\public\include\core\xr\view.h">
      <Filter>Header Files\core\xr</Filter>
    </ClInclude>
    <ClInclude Include="..\src\core\xr\openxr\vulkan\oxrvkHeadset.h">
      <Filter>Source Files\core\xr\openxr\vulkan</Filter>
    </ClInclude>
    <ClInclude Include="..\public\include\core\xr\pose.h">
      <Filter>Header Files\core\xr</Filter>
    </ClInclude>
    <ClInclude Include="..\src\core\xr\openxr\d3d12\oxrdx12Headset.h">
      <Filter>Source Files\core\xr\openxr\d3d12</Filter>
    </ClInclude>
    <ClInclude Include="..\src\core\xr\openvr\ovrInterface.h">
      <Filter>Source Files\core\xr\openvr</Filter>
    </ClInclude>
    <ClInclude Include="..\public\include\core\parallel\mutex.h">
      <Filter>Header Files\core\parallel</Filter>
    </ClInclude>
    <ClInclude Include="..\public\include\core\xr\event.h">
      <Filter>Header Files\core\xr</Filter>
    </ClInclude>
    <ClInclude Include="..\src\core\log\StreamLog.h">
      <Filter>Source Files\core\log</Filter>
    </ClInclude>
    <ClInclude Include="..\src\core\log\andLog.h">
      <Filter>Source Files\core\log</Filter>
    </ClInclude>
    <ClInclude Include="..\src\core\log\PrintLog.h">
      <Filter>Source Files\core\log</Filter>
    </ClInclude>
  </ItemGroup>
  <ItemGroup>
    <None Include="..\public\include\core\log\log.inl">
      <Filter>Header Files\core\log</Filter>
    </None>
    <None Include="..\public\include\core\threading\atomics.inl">
      <Filter>Header Files\core\threading</Filter>
    </None>
    <None Include="..\src\core\rendering\metal\mtlBlend.mm">
      <Filter>Source Files\core\rendering\metal</Filter>
    </None>
    <None Include="..\src\core\rendering\metal\mtlDepthStencil.mm">
      <Filter>Source Files\core\rendering\metal</Filter>
    </None>
    <None Include="..\src\core\rendering\metal\mtlDevice.mm">
      <Filter>Source Files\core\rendering\metal</Filter>
    </None>
    <None Include="..\src\core\rendering\metal\mtlRenderPass.mm">
      <Filter>Source Files\core\rendering\metal</Filter>
    </None>
    <None Include="..\src\core\rendering\metal\mtlSampler.mm">
      <Filter>Source Files\core\rendering\metal</Filter>
    </None>
    <None Include="..\src\core\rendering\metal\mtlTexture.mm">
      <Filter>Source Files\core\rendering\metal</Filter>
    </None>
    <None Include="..\src\core\rendering\metal\mtlViewport.mm">
      <Filter>Source Files\core\rendering\metal</Filter>
    </None>
    <None Include="..\src\core\rendering\metal\mtlMultisampling.mm">
      <Filter>Source Files\core\rendering\metal</Filter>
    </None>
    <None Include="..\src\core\rendering\metal\mtlPipeline.mm">
      <Filter>Source Files\core\rendering\metal</Filter>
    </None>
    <None Include="..\src\core\rendering\metal\mtlRaster.mm">
      <Filter>Source Files\core\rendering\metal</Filter>
    </None>
    <None Include="..\src\input\osxInput.mm">
      <Filter>Source Files\input</Filter>
    </None>
    <None Include="..\src\platform\osx\osx_callbacks.mm">
      <Filter>Source Files\platform\osx</Filter>
    </None>
    <None Include="..\src\core\rendering\metal\mtlBuffer.mm">
      <Filter>Source Files\core\rendering\metal</Filter>
    </None>
    <None Include="..\src\core\rendering\metal\mtlCommandBuffer.mm">
      <Filter>Source Files\core\rendering\metal</Filter>
    </None>
    <None Include="..\src\core\rendering\metal\mtlHeap.mm">
      <Filter>Source Files\core\rendering\metal</Filter>
    </None>
    <None Include="..\src\core\rendering\metal\mtlShader.mm">
      <Filter>Source Files\core\rendering\metal</Filter>
    </None>
    <None Include="..\src\core\rendering\metal\mtlInputLayout.mm">
      <Filter>Source Files\core\rendering\metal</Filter>
    </None>
    <None Include="..\src\core\rendering\metal\mtlLayout.mm">
      <Filter>Source Files\core\rendering\metal</Filter>
    </None>
    <None Include="..\src\core\rendering\metal\mtlSynchronization.mm">
      <Filter>Source Files\core\rendering\metal</Filter>
    </None>
    <None Include="..\src\core\rendering\osxSurface.mm">
      <Filter>Source Files\core\rendering</Filter>
    </None>
    <None Include="..\src\core\storage\osxStorage.mm">
      <Filter>Source Files\core\storage</Filter>
    </None>
    <None Include="..\src\core\rendering\metal\mtlDisplay.mm">
      <Filter>Source Files\core\rendering\metal</Filter>
    </None>
    <None Include="..\src\core\rendering\metal\mtlWindow.mm">
      <Filter>Source Files\core\rendering\metal</Filter>
    </None>
    <None Include="..\src\platform\osx\AppDelegate.mm">
      <Filter>Source Files\platform\osx</Filter>
    </None>
    <None Include="..\src\platform\osx\macMain.mm">
      <Filter>Source Files\platform\osx</Filter>
    </None>
  </ItemGroup>
</Project>